
Microsoft Visual Studio Solution File, Format Version 12.00
# Visual Studio Version 16
VisualStudioVersion = 16.3.29424.173
MinimumVisualStudioVersion = 10.0.40219.1
Project("{FAE04EC0-301F-11D3-BF4B-00C04F79EFBC}") = "MRTKtest", "MRTKtest\MRTKtest.csproj", "{13A45C13-3265-47B8-BC48-A553B569DF55}"
	ProjectSection(ProjectDependencies) = postProject
		{5108D190-5DB6-4C9E-A76F-C672AE4ED71D} = {5108D190-5DB6-4C9E-A76F-C672AE4ED71D}
		{CDFE2DBE-07F2-47A1-AD4B-B59AC460BE2D} = {CDFE2DBE-07F2-47A1-AD4B-B59AC460BE2D}
		{6BCA2CC8-9EF2-4120-A26B-CEEB9F08BA43} = {6BCA2CC8-9EF2-4120-A26B-CEEB9F08BA43}
		{2CDCAD3B-055F-4814-8BEC-25BB65194A37} = {2CDCAD3B-055F-4814-8BEC-25BB65194A37}
		{52E6EEDF-AC37-48AB-964E-718070AD7E1A} = {52E6EEDF-AC37-48AB-964E-718070AD7E1A}
		{7E251197-5F1A-4991-8D87-F38997F72516} = {7E251197-5F1A-4991-8D87-F38997F72516}
		{50F95FD4-A72C-41C8-8AB5-C2470C89644C} = {50F95FD4-A72C-41C8-8AB5-C2470C89644C}
		{C62AA1C7-A69D-44D1-87F7-E17380BDBAE5} = {C62AA1C7-A69D-44D1-87F7-E17380BDBAE5}
		{B03078DF-6B5A-4479-8013-8EB8FC0EDBD1} = {B03078DF-6B5A-4479-8013-8EB8FC0EDBD1}
		{D750DD80-3A74-443D-A976-5A88FCF7E414} = {D750DD80-3A74-443D-A976-5A88FCF7E414}
		{A074A2C8-949A-4B65-B8CB-F9F33D7B5228} = {A074A2C8-949A-4B65-B8CB-F9F33D7B5228}
		{C23D3DE3-CA4A-4C32-8596-91F396EEC49A} = {C23D3DE3-CA4A-4C32-8596-91F396EEC49A}
		{769BE5F7-930C-480A-AC3E-C83A7B52B800} = {769BE5F7-930C-480A-AC3E-C83A7B52B800}
		{70331235-CA8C-474E-AF23-64A63C257052} = {70331235-CA8C-474E-AF23-64A63C257052}
		{FFD8E05B-E8B4-43D0-8226-12FE815C5191} = {FFD8E05B-E8B4-43D0-8226-12FE815C5191}
		{367B88A9-47BD-4937-8632-4E13EE812CDD} = {367B88A9-47BD-4937-8632-4E13EE812CDD}
		{B8D0286B-C0FC-45DA-93BF-91551E762DF0} = {B8D0286B-C0FC-45DA-93BF-91551E762DF0}
		{71C46939-BFDA-4AE4-9F61-78328D03FFD9} = {71C46939-BFDA-4AE4-9F61-78328D03FFD9}
		{CE8185AD-7378-43B4-9422-6D027D1C2B22} = {CE8185AD-7378-43B4-9422-6D027D1C2B22}
		{4B96A4D1-A691-43F0-81B4-9048F6F5231D} = {4B96A4D1-A691-43F0-81B4-9048F6F5231D}
		{FA27B6E9-A66D-4483-B9E8-33256F9C87D2} = {FA27B6E9-A66D-4483-B9E8-33256F9C87D2}
		{167C2BD2-31EA-47A4-A04D-FDB2382380E6} = {167C2BD2-31EA-47A4-A04D-FDB2382380E6}
		{025EFEF2-DD93-4551-AEB4-A8D2201210AE} = {025EFEF2-DD93-4551-AEB4-A8D2201210AE}
	EndProjectSection
EndProject
Project("{FAE04EC0-301F-11D3-BF4B-00C04F79EFBC}") = "Unity.TextMeshPro", "D:\3D interaction\2_MRTK\MRTKtest\App\GeneratedProjects\UWP\Unity.TextMeshPro\Unity.TextMeshPro.csproj", "{5108D190-5DB6-4C9E-A76F-C672AE4ED71D}"
EndProject
Project("{FAE04EC0-301F-11D3-BF4B-00C04F79EFBC}") = "Unity.Analytics.DataPrivacy", "D:\3D interaction\2_MRTK\MRTKtest\App\GeneratedProjects\UWP\Unity.Analytics.DataPrivacy\Unity.Analytics.DataPrivacy.csproj", "{CDFE2DBE-07F2-47A1-AD4B-B59AC460BE2D}"
EndProject
Project("{FAE04EC0-301F-11D3-BF4B-00C04F79EFBC}") = "Microsoft.MixedReality.Toolkit.SDK", "D:\3D interaction\2_MRTK\MRTKtest\App\GeneratedProjects\UWP\Microsoft.MixedReality.Toolkit.SDK\Microsoft.MixedReality.Toolkit.SDK.csproj", "{6BCA2CC8-9EF2-4120-A26B-CEEB9F08BA43}"
EndProject
Project("{FAE04EC0-301F-11D3-BF4B-00C04F79EFBC}") = "Microsoft.MixedReality.Toolkit.Providers.OpenVR", "D:\3D interaction\2_MRTK\MRTKtest\App\GeneratedProjects\UWP\Microsoft.MixedReality.Toolkit.Providers.OpenVR\Microsoft.MixedReality.Toolkit.Providers.OpenVR.csproj", "{2CDCAD3B-055F-4814-8BEC-25BB65194A37}"
EndProject
Project("{FAE04EC0-301F-11D3-BF4B-00C04F79EFBC}") = "Microsoft.MixedReality.Toolkit", "D:\3D interaction\2_MRTK\MRTKtest\App\GeneratedProjects\UWP\Microsoft.MixedReality.Toolkit\Microsoft.MixedReality.Toolkit.csproj", "{52E6EEDF-AC37-48AB-964E-718070AD7E1A}"
EndProject
Project("{FAE04EC0-301F-11D3-BF4B-00C04F79EFBC}") = "Microsoft.MixedReality.Toolkit.Services.SpatialAwarenessSystem", "D:\3D interaction\2_MRTK\MRTKtest\App\GeneratedProjects\UWP\Microsoft.MixedReality.Toolkit.Services.SpatialAwarenessSystem\Microsoft.MixedReality.Toolkit.Services.SpatialAwarenessSystem.csproj", "{7E251197-5F1A-4991-8D87-F38997F72516}"
EndProject
Project("{FAE04EC0-301F-11D3-BF4B-00C04F79EFBC}") = "Microsoft.MixedReality.Toolkit.Gltf", "D:\3D interaction\2_MRTK\MRTKtest\App\GeneratedProjects\UWP\Microsoft.MixedReality.Toolkit.Gltf\Microsoft.MixedReality.Toolkit.Gltf.csproj", "{50F95FD4-A72C-41C8-8AB5-C2470C89644C}"
EndProject
Project("{FAE04EC0-301F-11D3-BF4B-00C04F79EFBC}") = "Microsoft.MixedReality.Toolkit.Services.SceneSystem", "D:\3D interaction\2_MRTK\MRTKtest\App\GeneratedProjects\UWP\Microsoft.MixedReality.Toolkit.Services.SceneSystem\Microsoft.MixedReality.Toolkit.Services.SceneSystem.csproj", "{C62AA1C7-A69D-44D1-87F7-E17380BDBAE5}"
EndProject
Project("{FAE04EC0-301F-11D3-BF4B-00C04F79EFBC}") = "Microsoft.MixedReality.Toolkit.Services.InputSystem", "D:\3D interaction\2_MRTK\MRTKtest\App\GeneratedProjects\UWP\Microsoft.MixedReality.Toolkit.Services.InputSystem\Microsoft.MixedReality.Toolkit.Services.InputSystem.csproj", "{B03078DF-6B5A-4479-8013-8EB8FC0EDBD1}"
EndProject
Project("{FAE04EC0-301F-11D3-BF4B-00C04F79EFBC}") = "Microsoft.MixedReality.Toolkit.Services.InputSimulation", "D:\3D interaction\2_MRTK\MRTKtest\App\GeneratedProjects\UWP\Microsoft.MixedReality.Toolkit.Services.InputSimulation\Microsoft.MixedReality.Toolkit.Services.InputSimulation.csproj", "{D750DD80-3A74-443D-A976-5A88FCF7E414}"
EndProject
Project("{FAE04EC0-301F-11D3-BF4B-00C04F79EFBC}") = "Microsoft.MixedReality.Toolkit.Services.InputAnimation", "D:\3D interaction\2_MRTK\MRTKtest\App\GeneratedProjects\UWP\Microsoft.MixedReality.Toolkit.Services.InputAnimation\Microsoft.MixedReality.Toolkit.Services.InputAnimation.csproj", "{A074A2C8-949A-4B65-B8CB-F9F33D7B5228}"
EndProject
Project("{FAE04EC0-301F-11D3-BF4B-00C04F79EFBC}") = "Microsoft.MixedReality.Toolkit.Services.DiagnosticsSystem", "D:\3D interaction\2_MRTK\MRTKtest\App\GeneratedProjects\UWP\Microsoft.MixedReality.Toolkit.Services.DiagnosticsSystem\Microsoft.MixedReality.Toolkit.Services.DiagnosticsSystem.csproj", "{C23D3DE3-CA4A-4C32-8596-91F396EEC49A}"
EndProject
Project("{FAE04EC0-301F-11D3-BF4B-00C04F79EFBC}") = "Microsoft.MixedReality.Toolkit.Async", "D:\3D interaction\2_MRTK\MRTKtest\App\GeneratedProjects\UWP\Microsoft.MixedReality.Toolkit.Async\Microsoft.MixedReality.Toolkit.Async.csproj", "{769BE5F7-930C-480A-AC3E-C83A7B52B800}"
EndProject
Project("{FAE04EC0-301F-11D3-BF4B-00C04F79EFBC}") = "Microsoft.MixedReality.Toolkit.Providers.WindowsMixedReality", "D:\3D interaction\2_MRTK\MRTKtest\App\GeneratedProjects\UWP\Microsoft.MixedReality.Toolkit.Providers.WindowsMixedReality\Microsoft.MixedReality.Toolkit.Providers.WindowsMixedReality.csproj", "{70331235-CA8C-474E-AF23-64A63C257052}"
EndProject
Project("{FAE04EC0-301F-11D3-BF4B-00C04F79EFBC}") = "Microsoft.MixedReality.Toolkit.Providers.WindowsVoiceInput", "D:\3D interaction\2_MRTK\MRTKtest\App\GeneratedProjects\UWP\Microsoft.MixedReality.Toolkit.Providers.WindowsVoiceInput\Microsoft.MixedReality.Toolkit.Providers.WindowsVoiceInput.csproj", "{FFD8E05B-E8B4-43D0-8226-12FE815C5191}"
EndProject
Project("{FAE04EC0-301F-11D3-BF4B-00C04F79EFBC}") = "Microsoft.MixedReality.Toolkit.Services.TeleportSystem", "D:\3D interaction\2_MRTK\MRTKtest\App\GeneratedProjects\UWP\Microsoft.MixedReality.Toolkit.Services.TeleportSystem\Microsoft.MixedReality.Toolkit.Services.TeleportSystem.csproj", "{367B88A9-47BD-4937-8632-4E13EE812CDD}"
EndProject
Project("{FAE04EC0-301F-11D3-BF4B-00C04F79EFBC}") = "Microsoft.MixedReality.Toolkit.Services.CameraSystem", "D:\3D interaction\2_MRTK\MRTKtest\App\GeneratedProjects\UWP\Microsoft.MixedReality.Toolkit.Services.CameraSystem\Microsoft.MixedReality.Toolkit.Services.CameraSystem.csproj", "{B8D0286B-C0FC-45DA-93BF-91551E762DF0}"
EndProject
Project("{FAE04EC0-301F-11D3-BF4B-00C04F79EFBC}") = "Microsoft.MixedReality.Toolkit.Services.BoundarySystem", "D:\3D interaction\2_MRTK\MRTKtest\App\GeneratedProjects\UWP\Microsoft.MixedReality.Toolkit.Services.BoundarySystem\Microsoft.MixedReality.Toolkit.Services.BoundarySystem.csproj", "{71C46939-BFDA-4AE4-9F61-78328D03FFD9}"
EndProject
Project("{FAE04EC0-301F-11D3-BF4B-00C04F79EFBC}") = "Microsoft.MixedReality.Toolkit.Examples", "D:\3D interaction\2_MRTK\MRTKtest\App\GeneratedProjects\UWP\Microsoft.MixedReality.Toolkit.Examples\Microsoft.MixedReality.Toolkit.Examples.csproj", "{CE8185AD-7378-43B4-9422-6D027D1C2B22}"
EndProject
Project("{FAE04EC0-301F-11D3-BF4B-00C04F79EFBC}") = "Microsoft.MixedReality.Toolkit.Demos.InspectorFields", "D:\3D interaction\2_MRTK\MRTKtest\App\GeneratedProjects\UWP\Microsoft.MixedReality.Toolkit.Demos.InspectorFields\Microsoft.MixedReality.Toolkit.Demos.InspectorFields.csproj", "{4B96A4D1-A691-43F0-81B4-9048F6F5231D}"
EndProject
Project("{FAE04EC0-301F-11D3-BF4B-00C04F79EFBC}") = "Microsoft.MixedReality.Toolkit.Demos.Gltf", "D:\3D interaction\2_MRTK\MRTKtest\App\GeneratedProjects\UWP\Microsoft.MixedReality.Toolkit.Demos.Gltf\Microsoft.MixedReality.Toolkit.Demos.Gltf.csproj", "{FA27B6E9-A66D-4483-B9E8-33256F9C87D2}"
EndProject
Project("{FAE04EC0-301F-11D3-BF4B-00C04F79EFBC}") = "Microsoft.MixedReality.Toolkit.Demos.UX.Interactables", "D:\3D interaction\2_MRTK\MRTKtest\App\GeneratedProjects\UWP\Microsoft.MixedReality.Toolkit.Demos.UX.Interactables\Microsoft.MixedReality.Toolkit.Demos.UX.Interactables.csproj", "{167C2BD2-31EA-47A4-A04D-FDB2382380E6}"
EndProject
Project("{FAE04EC0-301F-11D3-BF4B-00C04F79EFBC}") = "Unity.XR.WindowsMR", "D:\3D interaction\2_MRTK\MRTKtest\App\GeneratedProjects\UWP\Unity.XR.WindowsMR\Unity.XR.WindowsMR.csproj", "{025EFEF2-DD93-4551-AEB4-A8D2201210AE}"
EndProject
Global
	GlobalSection(SolutionConfigurationPlatforms) = preSolution
		Debug|ARM = Debug|ARM
		Debug|x64 = Debug|x64
		Debug|x86 = Debug|x86
		Master|ARM = Master|ARM
		Master|x64 = Master|x64
		Master|x86 = Master|x86
		Release|ARM = Release|ARM
		Release|x64 = Release|x64
		Release|x86 = Release|x86
	EndGlobalSection
	GlobalSection(ProjectConfigurationPlatforms) = postSolution
		{13A45C13-3265-47B8-BC48-A553B569DF55}.Debug|ARM.ActiveCfg = Debug|ARM
		{13A45C13-3265-47B8-BC48-A553B569DF55}.Debug|ARM.Build.0 = Debug|ARM
		{13A45C13-3265-47B8-BC48-A553B569DF55}.Debug|ARM.Deploy.0 = Debug|ARM
		{13A45C13-3265-47B8-BC48-A553B569DF55}.Debug|x64.ActiveCfg = Debug|x64
		{13A45C13-3265-47B8-BC48-A553B569DF55}.Debug|x64.Build.0 = Debug|x64
		{13A45C13-3265-47B8-BC48-A553B569DF55}.Debug|x64.Deploy.0 = Debug|x64
		{13A45C13-3265-47B8-BC48-A553B569DF55}.Debug|x86.ActiveCfg = Debug|x86
		{13A45C13-3265-47B8-BC48-A553B569DF55}.Debug|x86.Build.0 = Debug|x86
		{13A45C13-3265-47B8-BC48-A553B569DF55}.Debug|x86.Deploy.0 = Debug|x86
		{13A45C13-3265-47B8-BC48-A553B569DF55}.Master|ARM.ActiveCfg = Master|ARM
		{13A45C13-3265-47B8-BC48-A553B569DF55}.Master|ARM.Build.0 = Master|ARM
		{13A45C13-3265-47B8-BC48-A553B569DF55}.Master|ARM.Deploy.0 = Master|ARM
		{13A45C13-3265-47B8-BC48-A553B569DF55}.Master|x64.ActiveCfg = Master|x64
		{13A45C13-3265-47B8-BC48-A553B569DF55}.Master|x64.Build.0 = Master|x64
		{13A45C13-3265-47B8-BC48-A553B569DF55}.Master|x64.Deploy.0 = Master|x64
		{13A45C13-3265-47B8-BC48-A553B569DF55}.Master|x86.ActiveCfg = Master|x86
		{13A45C13-3265-47B8-BC48-A553B569DF55}.Master|x86.Build.0 = Master|x86
		{13A45C13-3265-47B8-BC48-A553B569DF55}.Master|x86.Deploy.0 = Master|x86
		{13A45C13-3265-47B8-BC48-A553B569DF55}.Release|ARM.ActiveCfg = Release|ARM
		{13A45C13-3265-47B8-BC48-A553B569DF55}.Release|ARM.Build.0 = Release|ARM
		{13A45C13-3265-47B8-BC48-A553B569DF55}.Release|ARM.Deploy.0 = Release|ARM
		{13A45C13-3265-47B8-BC48-A553B569DF55}.Release|x64.ActiveCfg = Release|x64
		{13A45C13-3265-47B8-BC48-A553B569DF55}.Release|x64.Build.0 = Release|x64
		{13A45C13-3265-47B8-BC48-A553B569DF55}.Release|x64.Deploy.0 = Release|x64
		{13A45C13-3265-47B8-BC48-A553B569DF55}.Release|x86.ActiveCfg = Release|x86
		{13A45C13-3265-47B8-BC48-A553B569DF55}.Release|x86.Build.0 = Release|x86
		{13A45C13-3265-47B8-BC48-A553B569DF55}.Release|x86.Deploy.0 = Release|x86
		{5108D190-5DB6-4C9E-A76F-C672AE4ED71D}.Debug|ARM.ActiveCfg = Debug|ARM
		{5108D190-5DB6-4C9E-A76F-C672AE4ED71D}.Debug|ARM.Build.0 = Debug|ARM
		{5108D190-5DB6-4C9E-A76F-C672AE4ED71D}.Debug|x64.ActiveCfg = Debug|x64
		{5108D190-5DB6-4C9E-A76F-C672AE4ED71D}.Debug|x64.Build.0 = Debug|x64
		{5108D190-5DB6-4C9E-A76F-C672AE4ED71D}.Debug|x86.ActiveCfg = Debug|x86
		{5108D190-5DB6-4C9E-A76F-C672AE4ED71D}.Debug|x86.Build.0 = Debug|x86
		{5108D190-5DB6-4C9E-A76F-C672AE4ED71D}.Master|ARM.ActiveCfg = Master|ARM
		{5108D190-5DB6-4C9E-A76F-C672AE4ED71D}.Master|ARM.Build.0 = Master|ARM
		{5108D190-5DB6-4C9E-A76F-C672AE4ED71D}.Master|x64.ActiveCfg = Master|x64
		{5108D190-5DB6-4C9E-A76F-C672AE4ED71D}.Master|x64.Build.0 = Master|x64
		{5108D190-5DB6-4C9E-A76F-C672AE4ED71D}.Master|x86.ActiveCfg = Master|x86
		{5108D190-5DB6-4C9E-A76F-C672AE4ED71D}.Master|x86.Build.0 = Master|x86
		{5108D190-5DB6-4C9E-A76F-C672AE4ED71D}.Release|ARM.ActiveCfg = Release|ARM
		{5108D190-5DB6-4C9E-A76F-C672AE4ED71D}.Release|ARM.Build.0 = Release|ARM
		{5108D190-5DB6-4C9E-A76F-C672AE4ED71D}.Release|x64.ActiveCfg = Release|x64
		{5108D190-5DB6-4C9E-A76F-C672AE4ED71D}.Release|x64.Build.0 = Release|x64
		{5108D190-5DB6-4C9E-A76F-C672AE4ED71D}.Release|x86.ActiveCfg = Release|x86
		{5108D190-5DB6-4C9E-A76F-C672AE4ED71D}.Release|x86.Build.0 = Release|x86
		{CDFE2DBE-07F2-47A1-AD4B-B59AC460BE2D}.Debug|ARM.ActiveCfg = Debug|ARM
		{CDFE2DBE-07F2-47A1-AD4B-B59AC460BE2D}.Debug|ARM.Build.0 = Debug|ARM
		{CDFE2DBE-07F2-47A1-AD4B-B59AC460BE2D}.Debug|x64.ActiveCfg = Debug|x64
		{CDFE2DBE-07F2-47A1-AD4B-B59AC460BE2D}.Debug|x64.Build.0 = Debug|x64
		{CDFE2DBE-07F2-47A1-AD4B-B59AC460BE2D}.Debug|x86.ActiveCfg = Debug|x86
		{CDFE2DBE-07F2-47A1-AD4B-B59AC460BE2D}.Debug|x86.Build.0 = Debug|x86
		{CDFE2DBE-07F2-47A1-AD4B-B59AC460BE2D}.Master|ARM.ActiveCfg = Master|ARM
		{CDFE2DBE-07F2-47A1-AD4B-B59AC460BE2D}.Master|ARM.Build.0 = Master|ARM
		{CDFE2DBE-07F2-47A1-AD4B-B59AC460BE2D}.Master|x64.ActiveCfg = Master|x64
		{CDFE2DBE-07F2-47A1-AD4B-B59AC460BE2D}.Master|x64.Build.0 = Master|x64
		{CDFE2DBE-07F2-47A1-AD4B-B59AC460BE2D}.Master|x86.ActiveCfg = Master|x86
		{CDFE2DBE-07F2-47A1-AD4B-B59AC460BE2D}.Master|x86.Build.0 = Master|x86
		{CDFE2DBE-07F2-47A1-AD4B-B59AC460BE2D}.Release|ARM.ActiveCfg = Release|ARM
		{CDFE2DBE-07F2-47A1-AD4B-B59AC460BE2D}.Release|ARM.Build.0 = Release|ARM
		{CDFE2DBE-07F2-47A1-AD4B-B59AC460BE2D}.Release|x64.ActiveCfg = Release|x64
		{CDFE2DBE-07F2-47A1-AD4B-B59AC460BE2D}.Release|x64.Build.0 = Release|x64
		{CDFE2DBE-07F2-47A1-AD4B-B59AC460BE2D}.Release|x86.ActiveCfg = Release|x86
		{CDFE2DBE-07F2-47A1-AD4B-B59AC460BE2D}.Release|x86.Build.0 = Release|x86
		{6BCA2CC8-9EF2-4120-A26B-CEEB9F08BA43}.Debug|ARM.ActiveCfg = Debug|ARM
		{6BCA2CC8-9EF2-4120-A26B-CEEB9F08BA43}.Debug|ARM.Build.0 = Debug|ARM
		{6BCA2CC8-9EF2-4120-A26B-CEEB9F08BA43}.Debug|x64.ActiveCfg = Debug|x64
		{6BCA2CC8-9EF2-4120-A26B-CEEB9F08BA43}.Debug|x64.Build.0 = Debug|x64
		{6BCA2CC8-9EF2-4120-A26B-CEEB9F08BA43}.Debug|x86.ActiveCfg = Debug|x86
		{6BCA2CC8-9EF2-4120-A26B-CEEB9F08BA43}.Debug|x86.Build.0 = Debug|x86
		{6BCA2CC8-9EF2-4120-A26B-CEEB9F08BA43}.Master|ARM.ActiveCfg = Master|ARM
		{6BCA2CC8-9EF2-4120-A26B-CEEB9F08BA43}.Master|ARM.Build.0 = Master|ARM
		{6BCA2CC8-9EF2-4120-A26B-CEEB9F08BA43}.Master|x64.ActiveCfg = Master|x64
		{6BCA2CC8-9EF2-4120-A26B-CEEB9F08BA43}.Master|x64.Build.0 = Master|x64
		{6BCA2CC8-9EF2-4120-A26B-CEEB9F08BA43}.Master|x86.ActiveCfg = Master|x86
		{6BCA2CC8-9EF2-4120-A26B-CEEB9F08BA43}.Master|x86.Build.0 = Master|x86
		{6BCA2CC8-9EF2-4120-A26B-CEEB9F08BA43}.Release|ARM.ActiveCfg = Release|ARM
		{6BCA2CC8-9EF2-4120-A26B-CEEB9F08BA43}.Release|ARM.Build.0 = Release|ARM
		{6BCA2CC8-9EF2-4120-A26B-CEEB9F08BA43}.Release|x64.ActiveCfg = Release|x64
		{6BCA2CC8-9EF2-4120-A26B-CEEB9F08BA43}.Release|x64.Build.0 = Release|x64
		{6BCA2CC8-9EF2-4120-A26B-CEEB9F08BA43}.Release|x86.ActiveCfg = Release|x86
		{6BCA2CC8-9EF2-4120-A26B-CEEB9F08BA43}.Release|x86.Build.0 = Release|x86
		{2CDCAD3B-055F-4814-8BEC-25BB65194A37}.Debug|ARM.ActiveCfg = Debug|ARM
		{2CDCAD3B-055F-4814-8BEC-25BB65194A37}.Debug|ARM.Build.0 = Debug|ARM
		{2CDCAD3B-055F-4814-8BEC-25BB65194A37}.Debug|x64.ActiveCfg = Debug|x64
		{2CDCAD3B-055F-4814-8BEC-25BB65194A37}.Debug|x64.Build.0 = Debug|x64
		{2CDCAD3B-055F-4814-8BEC-25BB65194A37}.Debug|x86.ActiveCfg = Debug|x86
		{2CDCAD3B-055F-4814-8BEC-25BB65194A37}.Debug|x86.Build.0 = Debug|x86
		{2CDCAD3B-055F-4814-8BEC-25BB65194A37}.Master|ARM.ActiveCfg = Master|ARM
		{2CDCAD3B-055F-4814-8BEC-25BB65194A37}.Master|ARM.Build.0 = Master|ARM
		{2CDCAD3B-055F-4814-8BEC-25BB65194A37}.Master|x64.ActiveCfg = Master|x64
		{2CDCAD3B-055F-4814-8BEC-25BB65194A37}.Master|x64.Build.0 = Master|x64
		{2CDCAD3B-055F-4814-8BEC-25BB65194A37}.Master|x86.ActiveCfg = Master|x86
		{2CDCAD3B-055F-4814-8BEC-25BB65194A37}.Master|x86.Build.0 = Master|x86
		{2CDCAD3B-055F-4814-8BEC-25BB65194A37}.Release|ARM.ActiveCfg = Release|ARM
		{2CDCAD3B-055F-4814-8BEC-25BB65194A37}.Release|ARM.Build.0 = Release|ARM
		{2CDCAD3B-055F-4814-8BEC-25BB65194A37}.Release|x64.ActiveCfg = Release|x64
		{2CDCAD3B-055F-4814-8BEC-25BB65194A37}.Release|x64.Build.0 = Release|x64
		{2CDCAD3B-055F-4814-8BEC-25BB65194A37}.Release|x86.ActiveCfg = Release|x86
		{2CDCAD3B-055F-4814-8BEC-25BB65194A37}.Release|x86.Build.0 = Release|x86
		{52E6EEDF-AC37-48AB-964E-718070AD7E1A}.Debug|ARM.ActiveCfg = Debug|ARM
		{52E6EEDF-AC37-48AB-964E-718070AD7E1A}.Debug|ARM.Build.0 = Debug|ARM
		{52E6EEDF-AC37-48AB-964E-718070AD7E1A}.Debug|x64.ActiveCfg = Debug|x64
		{52E6EEDF-AC37-48AB-964E-718070AD7E1A}.Debug|x64.Build.0 = Debug|x64
		{52E6EEDF-AC37-48AB-964E-718070AD7E1A}.Debug|x86.ActiveCfg = Debug|x86
		{52E6EEDF-AC37-48AB-964E-718070AD7E1A}.Debug|x86.Build.0 = Debug|x86
		{52E6EEDF-AC37-48AB-964E-718070AD7E1A}.Master|ARM.ActiveCfg = Master|ARM
		{52E6EEDF-AC37-48AB-964E-718070AD7E1A}.Master|ARM.Build.0 = Master|ARM
		{52E6EEDF-AC37-48AB-964E-718070AD7E1A}.Master|x64.ActiveCfg = Master|x64
		{52E6EEDF-AC37-48AB-964E-718070AD7E1A}.Master|x64.Build.0 = Master|x64
		{52E6EEDF-AC37-48AB-964E-718070AD7E1A}.Master|x86.ActiveCfg = Master|x86
		{52E6EEDF-AC37-48AB-964E-718070AD7E1A}.Master|x86.Build.0 = Master|x86
		{52E6EEDF-AC37-48AB-964E-718070AD7E1A}.Release|ARM.ActiveCfg = Release|ARM
		{52E6EEDF-AC37-48AB-964E-718070AD7E1A}.Release|ARM.Build.0 = Release|ARM
		{52E6EEDF-AC37-48AB-964E-718070AD7E1A}.Release|x64.ActiveCfg = Release|x64
		{52E6EEDF-AC37-48AB-964E-718070AD7E1A}.Release|x64.Build.0 = Release|x64
		{52E6EEDF-AC37-48AB-964E-718070AD7E1A}.Release|x86.ActiveCfg = Release|x86
		{52E6EEDF-AC37-48AB-964E-718070AD7E1A}.Release|x86.Build.0 = Release|x86
		{7E251197-5F1A-4991-8D87-F38997F72516}.Debug|ARM.ActiveCfg = Debug|ARM
		{7E251197-5F1A-4991-8D87-F38997F72516}.Debug|ARM.Build.0 = Debug|ARM
		{7E251197-5F1A-4991-8D87-F38997F72516}.Debug|x64.ActiveCfg = Debug|x64
		{7E251197-5F1A-4991-8D87-F38997F72516}.Debug|x64.Build.0 = Debug|x64
		{7E251197-5F1A-4991-8D87-F38997F72516}.Debug|x86.ActiveCfg = Debug|x86
		{7E251197-5F1A-4991-8D87-F38997F72516}.Debug|x86.Build.0 = Debug|x86
		{7E251197-5F1A-4991-8D87-F38997F72516}.Master|ARM.ActiveCfg = Master|ARM
		{7E251197-5F1A-4991-8D87-F38997F72516}.Master|ARM.Build.0 = Master|ARM
		{7E251197-5F1A-4991-8D87-F38997F72516}.Master|x64.ActiveCfg = Master|x64
		{7E251197-5F1A-4991-8D87-F38997F72516}.Master|x64.Build.0 = Master|x64
		{7E251197-5F1A-4991-8D87-F38997F72516}.Master|x86.ActiveCfg = Master|x86
		{7E251197-5F1A-4991-8D87-F38997F72516}.Master|x86.Build.0 = Master|x86
		{7E251197-5F1A-4991-8D87-F38997F72516}.Release|ARM.ActiveCfg = Release|ARM
		{7E251197-5F1A-4991-8D87-F38997F72516}.Release|ARM.Build.0 = Release|ARM
		{7E251197-5F1A-4991-8D87-F38997F72516}.Release|x64.ActiveCfg = Release|x64
		{7E251197-5F1A-4991-8D87-F38997F72516}.Release|x64.Build.0 = Release|x64
		{7E251197-5F1A-4991-8D87-F38997F72516}.Release|x86.ActiveCfg = Release|x86
		{7E251197-5F1A-4991-8D87-F38997F72516}.Release|x86.Build.0 = Release|x86
		{50F95FD4-A72C-41C8-8AB5-C2470C89644C}.Debug|ARM.ActiveCfg = Debug|ARM
		{50F95FD4-A72C-41C8-8AB5-C2470C89644C}.Debug|ARM.Build.0 = Debug|ARM
		{50F95FD4-A72C-41C8-8AB5-C2470C89644C}.Debug|x64.ActiveCfg = Debug|x64
		{50F95FD4-A72C-41C8-8AB5-C2470C89644C}.Debug|x64.Build.0 = Debug|x64
		{50F95FD4-A72C-41C8-8AB5-C2470C89644C}.Debug|x86.ActiveCfg = Debug|x86
		{50F95FD4-A72C-41C8-8AB5-C2470C89644C}.Debug|x86.Build.0 = Debug|x86
		{50F95FD4-A72C-41C8-8AB5-C2470C89644C}.Master|ARM.ActiveCfg = Master|ARM
		{50F95FD4-A72C-41C8-8AB5-C2470C89644C}.Master|ARM.Build.0 = Master|ARM
		{50F95FD4-A72C-41C8-8AB5-C2470C89644C}.Master|x64.ActiveCfg = Master|x64
		{50F95FD4-A72C-41C8-8AB5-C2470C89644C}.Master|x64.Build.0 = Master|x64
		{50F95FD4-A72C-41C8-8AB5-C2470C89644C}.Master|x86.ActiveCfg = Master|x86
		{50F95FD4-A72C-41C8-8AB5-C2470C89644C}.Master|x86.Build.0 = Master|x86
		{50F95FD4-A72C-41C8-8AB5-C2470C89644C}.Release|ARM.ActiveCfg = Release|ARM
		{50F95FD4-A72C-41C8-8AB5-C2470C89644C}.Release|ARM.Build.0 = Release|ARM
		{50F95FD4-A72C-41C8-8AB5-C2470C89644C}.Release|x64.ActiveCfg = Release|x64
		{50F95FD4-A72C-41C8-8AB5-C2470C89644C}.Release|x64.Build.0 = Release|x64
		{50F95FD4-A72C-41C8-8AB5-C2470C89644C}.Release|x86.ActiveCfg = Release|x86
		{50F95FD4-A72C-41C8-8AB5-C2470C89644C}.Release|x86.Build.0 = Release|x86
		{C62AA1C7-A69D-44D1-87F7-E17380BDBAE5}.Debug|ARM.ActiveCfg = Debug|ARM
		{C62AA1C7-A69D-44D1-87F7-E17380BDBAE5}.Debug|ARM.Build.0 = Debug|ARM
		{C62AA1C7-A69D-44D1-87F7-E17380BDBAE5}.Debug|x64.ActiveCfg = Debug|x64
		{C62AA1C7-A69D-44D1-87F7-E17380BDBAE5}.Debug|x64.Build.0 = Debug|x64
		{C62AA1C7-A69D-44D1-87F7-E17380BDBAE5}.Debug|x86.ActiveCfg = Debug|x86
		{C62AA1C7-A69D-44D1-87F7-E17380BDBAE5}.Debug|x86.Build.0 = Debug|x86
		{C62AA1C7-A69D-44D1-87F7-E17380BDBAE5}.Master|ARM.ActiveCfg = Master|ARM
		{C62AA1C7-A69D-44D1-87F7-E17380BDBAE5}.Master|ARM.Build.0 = Master|ARM
		{C62AA1C7-A69D-44D1-87F7-E17380BDBAE5}.Master|x64.ActiveCfg = Master|x64
		{C62AA1C7-A69D-44D1-87F7-E17380BDBAE5}.Master|x64.Build.0 = Master|x64
		{C62AA1C7-A69D-44D1-87F7-E17380BDBAE5}.Master|x86.ActiveCfg = Master|x86
		{C62AA1C7-A69D-44D1-87F7-E17380BDBAE5}.Master|x86.Build.0 = Master|x86
		{C62AA1C7-A69D-44D1-87F7-E17380BDBAE5}.Release|ARM.ActiveCfg = Release|ARM
		{C62AA1C7-A69D-44D1-87F7-E17380BDBAE5}.Release|ARM.Build.0 = Release|ARM
		{C62AA1C7-A69D-44D1-87F7-E17380BDBAE5}.Release|x64.ActiveCfg = Release|x64
		{C62AA1C7-A69D-44D1-87F7-E17380BDBAE5}.Release|x64.Build.0 = Release|x64
		{C62AA1C7-A69D-44D1-87F7-E17380BDBAE5}.Release|x86.ActiveCfg = Release|x86
		{C62AA1C7-A69D-44D1-87F7-E17380BDBAE5}.Release|x86.Build.0 = Release|x86
		{B03078DF-6B5A-4479-8013-8EB8FC0EDBD1}.Debug|ARM.ActiveCfg = Debug|ARM
		{B03078DF-6B5A-4479-8013-8EB8FC0EDBD1}.Debug|ARM.Build.0 = Debug|ARM
		{B03078DF-6B5A-4479-8013-8EB8FC0EDBD1}.Debug|x64.ActiveCfg = Debug|x64
		{B03078DF-6B5A-4479-8013-8EB8FC0EDBD1}.Debug|x64.Build.0 = Debug|x64
		{B03078DF-6B5A-4479-8013-8EB8FC0EDBD1}.Debug|x86.ActiveCfg = Debug|x86
		{B03078DF-6B5A-4479-8013-8EB8FC0EDBD1}.Debug|x86.Build.0 = Debug|x86
		{B03078DF-6B5A-4479-8013-8EB8FC0EDBD1}.Master|ARM.ActiveCfg = Master|ARM
		{B03078DF-6B5A-4479-8013-8EB8FC0EDBD1}.Master|ARM.Build.0 = Master|ARM
		{B03078DF-6B5A-4479-8013-8EB8FC0EDBD1}.Master|x64.ActiveCfg = Master|x64
		{B03078DF-6B5A-4479-8013-8EB8FC0EDBD1}.Master|x64.Build.0 = Master|x64
		{B03078DF-6B5A-4479-8013-8EB8FC0EDBD1}.Master|x86.ActiveCfg = Master|x86
		{B03078DF-6B5A-4479-8013-8EB8FC0EDBD1}.Master|x86.Build.0 = Master|x86
		{B03078DF-6B5A-4479-8013-8EB8FC0EDBD1}.Release|ARM.ActiveCfg = Release|ARM
		{B03078DF-6B5A-4479-8013-8EB8FC0EDBD1}.Release|ARM.Build.0 = Release|ARM
		{B03078DF-6B5A-4479-8013-8EB8FC0EDBD1}.Release|x64.ActiveCfg = Release|x64
		{B03078DF-6B5A-4479-8013-8EB8FC0EDBD1}.Release|x64.Build.0 = Release|x64
		{B03078DF-6B5A-4479-8013-8EB8FC0EDBD1}.Release|x86.ActiveCfg = Release|x86
		{B03078DF-6B5A-4479-8013-8EB8FC0EDBD1}.Release|x86.Build.0 = Release|x86
		{D750DD80-3A74-443D-A976-5A88FCF7E414}.Debug|ARM.ActiveCfg = Debug|ARM
		{D750DD80-3A74-443D-A976-5A88FCF7E414}.Debug|ARM.Build.0 = Debug|ARM
		{D750DD80-3A74-443D-A976-5A88FCF7E414}.Debug|x64.ActiveCfg = Debug|x64
		{D750DD80-3A74-443D-A976-5A88FCF7E414}.Debug|x64.Build.0 = Debug|x64
		{D750DD80-3A74-443D-A976-5A88FCF7E414}.Debug|x86.ActiveCfg = Debug|x86
		{D750DD80-3A74-443D-A976-5A88FCF7E414}.Debug|x86.Build.0 = Debug|x86
		{D750DD80-3A74-443D-A976-5A88FCF7E414}.Master|ARM.ActiveCfg = Master|ARM
		{D750DD80-3A74-443D-A976-5A88FCF7E414}.Master|ARM.Build.0 = Master|ARM
		{D750DD80-3A74-443D-A976-5A88FCF7E414}.Master|x64.ActiveCfg = Master|x64
		{D750DD80-3A74-443D-A976-5A88FCF7E414}.Master|x64.Build.0 = Master|x64
		{D750DD80-3A74-443D-A976-5A88FCF7E414}.Master|x86.ActiveCfg = Master|x86
		{D750DD80-3A74-443D-A976-5A88FCF7E414}.Master|x86.Build.0 = Master|x86
		{D750DD80-3A74-443D-A976-5A88FCF7E414}.Release|ARM.ActiveCfg = Release|ARM
		{D750DD80-3A74-443D-A976-5A88FCF7E414}.Release|ARM.Build.0 = Release|ARM
		{D750DD80-3A74-443D-A976-5A88FCF7E414}.Release|x64.ActiveCfg = Release|x64
		{D750DD80-3A74-443D-A976-5A88FCF7E414}.Release|x64.Build.0 = Release|x64
		{D750DD80-3A74-443D-A976-5A88FCF7E414}.Release|x86.ActiveCfg = Release|x86
		{D750DD80-3A74-443D-A976-5A88FCF7E414}.Release|x86.Build.0 = Release|x86
		{A074A2C8-949A-4B65-B8CB-F9F33D7B5228}.Debug|ARM.ActiveCfg = Debug|ARM
		{A074A2C8-949A-4B65-B8CB-F9F33D7B5228}.Debug|ARM.Build.0 = Debug|ARM
		{A074A2C8-949A-4B65-B8CB-F9F33D7B5228}.Debug|x64.ActiveCfg = Debug|x64
		{A074A2C8-949A-4B65-B8CB-F9F33D7B5228}.Debug|x64.Build.0 = Debug|x64
		{A074A2C8-949A-4B65-B8CB-F9F33D7B5228}.Debug|x86.ActiveCfg = Debug|x86
		{A074A2C8-949A-4B65-B8CB-F9F33D7B5228}.Debug|x86.Build.0 = Debug|x86
		{A074A2C8-949A-4B65-B8CB-F9F33D7B5228}.Master|ARM.ActiveCfg = Master|ARM
		{A074A2C8-949A-4B65-B8CB-F9F33D7B5228}.Master|ARM.Build.0 = Master|ARM
		{A074A2C8-949A-4B65-B8CB-F9F33D7B5228}.Master|x64.ActiveCfg = Master|x64
		{A074A2C8-949A-4B65-B8CB-F9F33D7B5228}.Master|x64.Build.0 = Master|x64
		{A074A2C8-949A-4B65-B8CB-F9F33D7B5228}.Master|x86.ActiveCfg = Master|x86
		{A074A2C8-949A-4B65-B8CB-F9F33D7B5228}.Master|x86.Build.0 = Master|x86
		{A074A2C8-949A-4B65-B8CB-F9F33D7B5228}.Release|ARM.ActiveCfg = Release|ARM
		{A074A2C8-949A-4B65-B8CB-F9F33D7B5228}.Release|ARM.Build.0 = Release|ARM
		{A074A2C8-949A-4B65-B8CB-F9F33D7B5228}.Release|x64.ActiveCfg = Release|x64
		{A074A2C8-949A-4B65-B8CB-F9F33D7B5228}.Release|x64.Build.0 = Release|x64
		{A074A2C8-949A-4B65-B8CB-F9F33D7B5228}.Release|x86.ActiveCfg = Release|x86
		{A074A2C8-949A-4B65-B8CB-F9F33D7B5228}.Release|x86.Build.0 = Release|x86
		{C23D3DE3-CA4A-4C32-8596-91F396EEC49A}.Debug|ARM.ActiveCfg = Debug|ARM
		{C23D3DE3-CA4A-4C32-8596-91F396EEC49A}.Debug|ARM.Build.0 = Debug|ARM
		{C23D3DE3-CA4A-4C32-8596-91F396EEC49A}.Debug|x64.ActiveCfg = Debug|x64
		{C23D3DE3-CA4A-4C32-8596-91F396EEC49A}.Debug|x64.Build.0 = Debug|x64
		{C23D3DE3-CA4A-4C32-8596-91F396EEC49A}.Debug|x86.ActiveCfg = Debug|x86
		{C23D3DE3-CA4A-4C32-8596-91F396EEC49A}.Debug|x86.Build.0 = Debug|x86
		{C23D3DE3-CA4A-4C32-8596-91F396EEC49A}.Master|ARM.ActiveCfg = Master|ARM
		{C23D3DE3-CA4A-4C32-8596-91F396EEC49A}.Master|ARM.Build.0 = Master|ARM
		{C23D3DE3-CA4A-4C32-8596-91F396EEC49A}.Master|x64.ActiveCfg = Master|x64
		{C23D3DE3-CA4A-4C32-8596-91F396EEC49A}.Master|x64.Build.0 = Master|x64
		{C23D3DE3-CA4A-4C32-8596-91F396EEC49A}.Master|x86.ActiveCfg = Master|x86
		{C23D3DE3-CA4A-4C32-8596-91F396EEC49A}.Master|x86.Build.0 = Master|x86
		{C23D3DE3-CA4A-4C32-8596-91F396EEC49A}.Release|ARM.ActiveCfg = Release|ARM
		{C23D3DE3-CA4A-4C32-8596-91F396EEC49A}.Release|ARM.Build.0 = Release|ARM
		{C23D3DE3-CA4A-4C32-8596-91F396EEC49A}.Release|x64.ActiveCfg = Release|x64
		{C23D3DE3-CA4A-4C32-8596-91F396EEC49A}.Release|x64.Build.0 = Release|x64
		{C23D3DE3-CA4A-4C32-8596-91F396EEC49A}.Release|x86.ActiveCfg = Release|x86
		{C23D3DE3-CA4A-4C32-8596-91F396EEC49A}.Release|x86.Build.0 = Release|x86
		{769BE5F7-930C-480A-AC3E-C83A7B52B800}.Debug|ARM.ActiveCfg = Debug|ARM
		{769BE5F7-930C-480A-AC3E-C83A7B52B800}.Debug|ARM.Build.0 = Debug|ARM
		{769BE5F7-930C-480A-AC3E-C83A7B52B800}.Debug|x64.ActiveCfg = Debug|x64
		{769BE5F7-930C-480A-AC3E-C83A7B52B800}.Debug|x64.Build.0 = Debug|x64
		{769BE5F7-930C-480A-AC3E-C83A7B52B800}.Debug|x86.ActiveCfg = Debug|x86
		{769BE5F7-930C-480A-AC3E-C83A7B52B800}.Debug|x86.Build.0 = Debug|x86
		{769BE5F7-930C-480A-AC3E-C83A7B52B800}.Master|ARM.ActiveCfg = Master|ARM
		{769BE5F7-930C-480A-AC3E-C83A7B52B800}.Master|ARM.Build.0 = Master|ARM
		{769BE5F7-930C-480A-AC3E-C83A7B52B800}.Master|x64.ActiveCfg = Master|x64
		{769BE5F7-930C-480A-AC3E-C83A7B52B800}.Master|x64.Build.0 = Master|x64
		{769BE5F7-930C-480A-AC3E-C83A7B52B800}.Master|x86.ActiveCfg = Master|x86
		{769BE5F7-930C-480A-AC3E-C83A7B52B800}.Master|x86.Build.0 = Master|x86
		{769BE5F7-930C-480A-AC3E-C83A7B52B800}.Release|ARM.ActiveCfg = Release|ARM
		{769BE5F7-930C-480A-AC3E-C83A7B52B800}.Release|ARM.Build.0 = Release|ARM
		{769BE5F7-930C-480A-AC3E-C83A7B52B800}.Release|x64.ActiveCfg = Release|x64
		{769BE5F7-930C-480A-AC3E-C83A7B52B800}.Release|x64.Build.0 = Release|x64
		{769BE5F7-930C-480A-AC3E-C83A7B52B800}.Release|x86.ActiveCfg = Release|x86
		{769BE5F7-930C-480A-AC3E-C83A7B52B800}.Release|x86.Build.0 = Release|x86
		{70331235-CA8C-474E-AF23-64A63C257052}.Debug|ARM.ActiveCfg = Debug|ARM
		{70331235-CA8C-474E-AF23-64A63C257052}.Debug|ARM.Build.0 = Debug|ARM
		{70331235-CA8C-474E-AF23-64A63C257052}.Debug|x64.ActiveCfg = Debug|x64
		{70331235-CA8C-474E-AF23-64A63C257052}.Debug|x64.Build.0 = Debug|x64
		{70331235-CA8C-474E-AF23-64A63C257052}.Debug|x86.ActiveCfg = Debug|x86
		{70331235-CA8C-474E-AF23-64A63C257052}.Debug|x86.Build.0 = Debug|x86
		{70331235-CA8C-474E-AF23-64A63C257052}.Master|ARM.ActiveCfg = Master|ARM
		{70331235-CA8C-474E-AF23-64A63C257052}.Master|ARM.Build.0 = Master|ARM
		{70331235-CA8C-474E-AF23-64A63C257052}.Master|x64.ActiveCfg = Master|x64
		{70331235-CA8C-474E-AF23-64A63C257052}.Master|x64.Build.0 = Master|x64
		{70331235-CA8C-474E-AF23-64A63C257052}.Master|x86.ActiveCfg = Master|x86
		{70331235-CA8C-474E-AF23-64A63C257052}.Master|x86.Build.0 = Master|x86
		{70331235-CA8C-474E-AF23-64A63C257052}.Release|ARM.ActiveCfg = Release|ARM
		{70331235-CA8C-474E-AF23-64A63C257052}.Release|ARM.Build.0 = Release|ARM
		{70331235-CA8C-474E-AF23-64A63C257052}.Release|x64.ActiveCfg = Release|x64
		{70331235-CA8C-474E-AF23-64A63C257052}.Release|x64.Build.0 = Release|x64
		{70331235-CA8C-474E-AF23-64A63C257052}.Release|x86.ActiveCfg = Release|x86
		{70331235-CA8C-474E-AF23-64A63C257052}.Release|x86.Build.0 = Release|x86
		{FFD8E05B-E8B4-43D0-8226-12FE815C5191}.Debug|ARM.ActiveCfg = Debug|ARM
		{FFD8E05B-E8B4-43D0-8226-12FE815C5191}.Debug|ARM.Build.0 = Debug|ARM
		{FFD8E05B-E8B4-43D0-8226-12FE815C5191}.Debug|x64.ActiveCfg = Debug|x64
		{FFD8E05B-E8B4-43D0-8226-12FE815C5191}.Debug|x64.Build.0 = Debug|x64
		{FFD8E05B-E8B4-43D0-8226-12FE815C5191}.Debug|x86.ActiveCfg = Debug|x86
		{FFD8E05B-E8B4-43D0-8226-12FE815C5191}.Debug|x86.Build.0 = Debug|x86
		{FFD8E05B-E8B4-43D0-8226-12FE815C5191}.Master|ARM.ActiveCfg = Master|ARM
		{FFD8E05B-E8B4-43D0-8226-12FE815C5191}.Master|ARM.Build.0 = Master|ARM
		{FFD8E05B-E8B4-43D0-8226-12FE815C5191}.Master|x64.ActiveCfg = Master|x64
		{FFD8E05B-E8B4-43D0-8226-12FE815C5191}.Master|x64.Build.0 = Master|x64
		{FFD8E05B-E8B4-43D0-8226-12FE815C5191}.Master|x86.ActiveCfg = Master|x86
		{FFD8E05B-E8B4-43D0-8226-12FE815C5191}.Master|x86.Build.0 = Master|x86
		{FFD8E05B-E8B4-43D0-8226-12FE815C5191}.Release|ARM.ActiveCfg = Release|ARM
		{FFD8E05B-E8B4-43D0-8226-12FE815C5191}.Release|ARM.Build.0 = Release|ARM
		{FFD8E05B-E8B4-43D0-8226-12FE815C5191}.Release|x64.ActiveCfg = Release|x64
		{FFD8E05B-E8B4-43D0-8226-12FE815C5191}.Release|x64.Build.0 = Release|x64
		{FFD8E05B-E8B4-43D0-8226-12FE815C5191}.Release|x86.ActiveCfg = Release|x86
		{FFD8E05B-E8B4-43D0-8226-12FE815C5191}.Release|x86.Build.0 = Release|x86
		{367B88A9-47BD-4937-8632-4E13EE812CDD}.Debug|ARM.ActiveCfg = Debug|ARM
		{367B88A9-47BD-4937-8632-4E13EE812CDD}.Debug|ARM.Build.0 = Debug|ARM
		{367B88A9-47BD-4937-8632-4E13EE812CDD}.Debug|x64.ActiveCfg = Debug|x64
		{367B88A9-47BD-4937-8632-4E13EE812CDD}.Debug|x64.Build.0 = Debug|x64
		{367B88A9-47BD-4937-8632-4E13EE812CDD}.Debug|x86.ActiveCfg = Debug|x86
		{367B88A9-47BD-4937-8632-4E13EE812CDD}.Debug|x86.Build.0 = Debug|x86
		{367B88A9-47BD-4937-8632-4E13EE812CDD}.Master|ARM.ActiveCfg = Master|ARM
		{367B88A9-47BD-4937-8632-4E13EE812CDD}.Master|ARM.Build.0 = Master|ARM
		{367B88A9-47BD-4937-8632-4E13EE812CDD}.Master|x64.ActiveCfg = Master|x64
		{367B88A9-47BD-4937-8632-4E13EE812CDD}.Master|x64.Build.0 = Master|x64
		{367B88A9-47BD-4937-8632-4E13EE812CDD}.Master|x86.ActiveCfg = Master|x86
		{367B88A9-47BD-4937-8632-4E13EE812CDD}.Master|x86.Build.0 = Master|x86
		{367B88A9-47BD-4937-8632-4E13EE812CDD}.Release|ARM.ActiveCfg = Release|ARM
		{367B88A9-47BD-4937-8632-4E13EE812CDD}.Release|ARM.Build.0 = Release|ARM
		{367B88A9-47BD-4937-8632-4E13EE812CDD}.Release|x64.ActiveCfg = Release|x64
		{367B88A9-47BD-4937-8632-4E13EE812CDD}.Release|x64.Build.0 = Release|x64
		{367B88A9-47BD-4937-8632-4E13EE812CDD}.Release|x86.ActiveCfg = Release|x86
		{367B88A9-47BD-4937-8632-4E13EE812CDD}.Release|x86.Build.0 = Release|x86
		{B8D0286B-C0FC-45DA-93BF-91551E762DF0}.Debug|ARM.ActiveCfg = Debug|ARM
		{B8D0286B-C0FC-45DA-93BF-91551E762DF0}.Debug|ARM.Build.0 = Debug|ARM
		{B8D0286B-C0FC-45DA-93BF-91551E762DF0}.Debug|x64.ActiveCfg = Debug|x64
		{B8D0286B-C0FC-45DA-93BF-91551E762DF0}.Debug|x64.Build.0 = Debug|x64
		{B8D0286B-C0FC-45DA-93BF-91551E762DF0}.Debug|x86.ActiveCfg = Debug|x86
		{B8D0286B-C0FC-45DA-93BF-91551E762DF0}.Debug|x86.Build.0 = Debug|x86
		{B8D0286B-C0FC-45DA-93BF-91551E762DF0}.Master|ARM.ActiveCfg = Master|ARM
		{B8D0286B-C0FC-45DA-93BF-91551E762DF0}.Master|ARM.Build.0 = Master|ARM
		{B8D0286B-C0FC-45DA-93BF-91551E762DF0}.Master|x64.ActiveCfg = Master|x64
		{B8D0286B-C0FC-45DA-93BF-91551E762DF0}.Master|x64.Build.0 = Master|x64
		{B8D0286B-C0FC-45DA-93BF-91551E762DF0}.Master|x86.ActiveCfg = Master|x86
		{B8D0286B-C0FC-45DA-93BF-91551E762DF0}.Master|x86.Build.0 = Master|x86
		{B8D0286B-C0FC-45DA-93BF-91551E762DF0}.Release|ARM.ActiveCfg = Release|ARM
		{B8D0286B-C0FC-45DA-93BF-91551E762DF0}.Release|ARM.Build.0 = Release|ARM
		{B8D0286B-C0FC-45DA-93BF-91551E762DF0}.Release|x64.ActiveCfg = Release|x64
		{B8D0286B-C0FC-45DA-93BF-91551E762DF0}.Release|x64.Build.0 = Release|x64
		{B8D0286B-C0FC-45DA-93BF-91551E762DF0}.Release|x86.ActiveCfg = Release|x86
		{B8D0286B-C0FC-45DA-93BF-91551E762DF0}.Release|x86.Build.0 = Release|x86
		{71C46939-BFDA-4AE4-9F61-78328D03FFD9}.Debug|ARM.ActiveCfg = Debug|ARM
		{71C46939-BFDA-4AE4-9F61-78328D03FFD9}.Debug|ARM.Build.0 = Debug|ARM
		{71C46939-BFDA-4AE4-9F61-78328D03FFD9}.Debug|x64.ActiveCfg = Debug|x64
		{71C46939-BFDA-4AE4-9F61-78328D03FFD9}.Debug|x64.Build.0 = Debug|x64
		{71C46939-BFDA-4AE4-9F61-78328D03FFD9}.Debug|x86.ActiveCfg = Debug|x86
		{71C46939-BFDA-4AE4-9F61-78328D03FFD9}.Debug|x86.Build.0 = Debug|x86
		{71C46939-BFDA-4AE4-9F61-78328D03FFD9}.Master|ARM.ActiveCfg = Master|ARM
		{71C46939-BFDA-4AE4-9F61-78328D03FFD9}.Master|ARM.Build.0 = Master|ARM
		{71C46939-BFDA-4AE4-9F61-78328D03FFD9}.Master|x64.ActiveCfg = Master|x64
		{71C46939-BFDA-4AE4-9F61-78328D03FFD9}.Master|x64.Build.0 = Master|x64
		{71C46939-BFDA-4AE4-9F61-78328D03FFD9}.Master|x86.ActiveCfg = Master|x86
		{71C46939-BFDA-4AE4-9F61-78328D03FFD9}.Master|x86.Build.0 = Master|x86
		{71C46939-BFDA-4AE4-9F61-78328D03FFD9}.Release|ARM.ActiveCfg = Release|ARM
		{71C46939-BFDA-4AE4-9F61-78328D03FFD9}.Release|ARM.Build.0 = Release|ARM
		{71C46939-BFDA-4AE4-9F61-78328D03FFD9}.Release|x64.ActiveCfg = Release|x64
		{71C46939-BFDA-4AE4-9F61-78328D03FFD9}.Release|x64.Build.0 = Release|x64
		{71C46939-BFDA-4AE4-9F61-78328D03FFD9}.Release|x86.ActiveCfg = Release|x86
		{71C46939-BFDA-4AE4-9F61-78328D03FFD9}.Release|x86.Build.0 = Release|x86
		{CE8185AD-7378-43B4-9422-6D027D1C2B22}.Debug|ARM.ActiveCfg = Debug|ARM
		{CE8185AD-7378-43B4-9422-6D027D1C2B22}.Debug|ARM.Build.0 = Debug|ARM
		{CE8185AD-7378-43B4-9422-6D027D1C2B22}.Debug|x64.ActiveCfg = Debug|x64
		{CE8185AD-7378-43B4-9422-6D027D1C2B22}.Debug|x64.Build.0 = Debug|x64
		{CE8185AD-7378-43B4-9422-6D027D1C2B22}.Debug|x86.ActiveCfg = Debug|x86
		{CE8185AD-7378-43B4-9422-6D027D1C2B22}.Debug|x86.Build.0 = Debug|x86
		{CE8185AD-7378-43B4-9422-6D027D1C2B22}.Master|ARM.ActiveCfg = Master|ARM
		{CE8185AD-7378-43B4-9422-6D027D1C2B22}.Master|ARM.Build.0 = Master|ARM
		{CE8185AD-7378-43B4-9422-6D027D1C2B22}.Master|x64.ActiveCfg = Master|x64
		{CE8185AD-7378-43B4-9422-6D027D1C2B22}.Master|x64.Build.0 = Master|x64
		{CE8185AD-7378-43B4-9422-6D027D1C2B22}.Master|x86.ActiveCfg = Master|x86
		{CE8185AD-7378-43B4-9422-6D027D1C2B22}.Master|x86.Build.0 = Master|x86
		{CE8185AD-7378-43B4-9422-6D027D1C2B22}.Release|ARM.ActiveCfg = Release|ARM
		{CE8185AD-7378-43B4-9422-6D027D1C2B22}.Release|ARM.Build.0 = Release|ARM
		{CE8185AD-7378-43B4-9422-6D027D1C2B22}.Release|x64.ActiveCfg = Release|x64
		{CE8185AD-7378-43B4-9422-6D027D1C2B22}.Release|x64.Build.0 = Release|x64
		{CE8185AD-7378-43B4-9422-6D027D1C2B22}.Release|x86.ActiveCfg = Release|x86
		{CE8185AD-7378-43B4-9422-6D027D1C2B22}.Release|x86.Build.0 = Release|x86
		{4B96A4D1-A691-43F0-81B4-9048F6F5231D}.Debug|ARM.ActiveCfg = Debug|ARM
		{4B96A4D1-A691-43F0-81B4-9048F6F5231D}.Debug|ARM.Build.0 = Debug|ARM
		{4B96A4D1-A691-43F0-81B4-9048F6F5231D}.Debug|x64.ActiveCfg = Debug|x64
		{4B96A4D1-A691-43F0-81B4-9048F6F5231D}.Debug|x64.Build.0 = Debug|x64
		{4B96A4D1-A691-43F0-81B4-9048F6F5231D}.Debug|x86.ActiveCfg = Debug|x86
		{4B96A4D1-A691-43F0-81B4-9048F6F5231D}.Debug|x86.Build.0 = Debug|x86
		{4B96A4D1-A691-43F0-81B4-9048F6F5231D}.Master|ARM.ActiveCfg = Master|ARM
		{4B96A4D1-A691-43F0-81B4-9048F6F5231D}.Master|ARM.Build.0 = Master|ARM
		{4B96A4D1-A691-43F0-81B4-9048F6F5231D}.Master|x64.ActiveCfg = Master|x64
		{4B96A4D1-A691-43F0-81B4-9048F6F5231D}.Master|x64.Build.0 = Master|x64
		{4B96A4D1-A691-43F0-81B4-9048F6F5231D}.Master|x86.ActiveCfg = Master|x86
		{4B96A4D1-A691-43F0-81B4-9048F6F5231D}.Master|x86.Build.0 = Master|x86
		{4B96A4D1-A691-43F0-81B4-9048F6F5231D}.Release|ARM.ActiveCfg = Release|ARM
		{4B96A4D1-A691-43F0-81B4-9048F6F5231D}.Release|ARM.Build.0 = Release|ARM
		{4B96A4D1-A691-43F0-81B4-9048F6F5231D}.Release|x64.ActiveCfg = Release|x64
		{4B96A4D1-A691-43F0-81B4-9048F6F5231D}.Release|x64.Build.0 = Release|x64
		{4B96A4D1-A691-43F0-81B4-9048F6F5231D}.Release|x86.ActiveCfg = Release|x86
		{4B96A4D1-A691-43F0-81B4-9048F6F5231D}.Release|x86.Build.0 = Release|x86
		{FA27B6E9-A66D-4483-B9E8-33256F9C87D2}.Debug|ARM.ActiveCfg = Debug|ARM
		{FA27B6E9-A66D-4483-B9E8-33256F9C87D2}.Debug|ARM.Build.0 = Debug|ARM
		{FA27B6E9-A66D-4483-B9E8-33256F9C87D2}.Debug|x64.ActiveCfg = Debug|x64
		{FA27B6E9-A66D-4483-B9E8-33256F9C87D2}.Debug|x64.Build.0 = Debug|x64
		{FA27B6E9-A66D-4483-B9E8-33256F9C87D2}.Debug|x86.ActiveCfg = Debug|x86
		{FA27B6E9-A66D-4483-B9E8-33256F9C87D2}.Debug|x86.Build.0 = Debug|x86
		{FA27B6E9-A66D-4483-B9E8-33256F9C87D2}.Master|ARM.ActiveCfg = Master|ARM
		{FA27B6E9-A66D-4483-B9E8-33256F9C87D2}.Master|ARM.Build.0 = Master|ARM
		{FA27B6E9-A66D-4483-B9E8-33256F9C87D2}.Master|x64.ActiveCfg = Master|x64
		{FA27B6E9-A66D-4483-B9E8-33256F9C87D2}.Master|x64.Build.0 = Master|x64
		{FA27B6E9-A66D-4483-B9E8-33256F9C87D2}.Master|x86.ActiveCfg = Master|x86
		{FA27B6E9-A66D-4483-B9E8-33256F9C87D2}.Master|x86.Build.0 = Master|x86
		{FA27B6E9-A66D-4483-B9E8-33256F9C87D2}.Release|ARM.ActiveCfg = Release|ARM
		{FA27B6E9-A66D-4483-B9E8-33256F9C87D2}.Release|ARM.Build.0 = Release|ARM
		{FA27B6E9-A66D-4483-B9E8-33256F9C87D2}.Release|x64.ActiveCfg = Release|x64
		{FA27B6E9-A66D-4483-B9E8-33256F9C87D2}.Release|x64.Build.0 = Release|x64
		{FA27B6E9-A66D-4483-B9E8-33256F9C87D2}.Release|x86.ActiveCfg = Release|x86
		{FA27B6E9-A66D-4483-B9E8-33256F9C87D2}.Release|x86.Build.0 = Release|x86
		{167C2BD2-31EA-47A4-A04D-FDB2382380E6}.Debug|ARM.ActiveCfg = Debug|ARM
		{167C2BD2-31EA-47A4-A04D-FDB2382380E6}.Debug|ARM.Build.0 = Debug|ARM
		{167C2BD2-31EA-47A4-A04D-FDB2382380E6}.Debug|x64.ActiveCfg = Debug|x64
		{167C2BD2-31EA-47A4-A04D-FDB2382380E6}.Debug|x64.Build.0 = Debug|x64
		{167C2BD2-31EA-47A4-A04D-FDB2382380E6}.Debug|x86.ActiveCfg = Debug|x86
		{167C2BD2-31EA-47A4-A04D-FDB2382380E6}.Debug|x86.Build.0 = Debug|x86
		{167C2BD2-31EA-47A4-A04D-FDB2382380E6}.Master|ARM.ActiveCfg = Master|ARM
		{167C2BD2-31EA-47A4-A04D-FDB2382380E6}.Master|ARM.Build.0 = Master|ARM
		{167C2BD2-31EA-47A4-A04D-FDB2382380E6}.Master|x64.ActiveCfg = Master|x64
		{167C2BD2-31EA-47A4-A04D-FDB2382380E6}.Master|x64.Build.0 = Master|x64
		{167C2BD2-31EA-47A4-A04D-FDB2382380E6}.Master|x86.ActiveCfg = Master|x86
		{167C2BD2-31EA-47A4-A04D-FDB2382380E6}.Master|x86.Build.0 = Master|x86
		{167C2BD2-31EA-47A4-A04D-FDB2382380E6}.Release|ARM.ActiveCfg = Release|ARM
		{167C2BD2-31EA-47A4-A04D-FDB2382380E6}.Release|ARM.Build.0 = Release|ARM
		{167C2BD2-31EA-47A4-A04D-FDB2382380E6}.Release|x64.ActiveCfg = Release|x64
		{167C2BD2-31EA-47A4-A04D-FDB2382380E6}.Release|x64.Build.0 = Release|x64
		{167C2BD2-31EA-47A4-A04D-FDB2382380E6}.Release|x86.ActiveCfg = Release|x86
		{167C2BD2-31EA-47A4-A04D-FDB2382380E6}.Release|x86.Build.0 = Release|x86
		{025EFEF2-DD93-4551-AEB4-A8D2201210AE}.Debug|ARM.ActiveCfg = Debug|ARM
		{025EFEF2-DD93-4551-AEB4-A8D2201210AE}.Debug|ARM.Build.0 = Debug|ARM
		{025EFEF2-DD93-4551-AEB4-A8D2201210AE}.Debug|x64.ActiveCfg = Debug|x64
		{025EFEF2-DD93-4551-AEB4-A8D2201210AE}.Debug|x64.Build.0 = Debug|x64
		{025EFEF2-DD93-4551-AEB4-A8D2201210AE}.Debug|x86.ActiveCfg = Debug|x86
		{025EFEF2-DD93-4551-AEB4-A8D2201210AE}.Debug|x86.Build.0 = Debug|x86
		{025EFEF2-DD93-4551-AEB4-A8D2201210AE}.Master|ARM.ActiveCfg = Master|ARM
		{025EFEF2-DD93-4551-AEB4-A8D2201210AE}.Master|ARM.Build.0 = Master|ARM
		{025EFEF2-DD93-4551-AEB4-A8D2201210AE}.Master|x64.ActiveCfg = Master|x64
		{025EFEF2-DD93-4551-AEB4-A8D2201210AE}.Master|x64.Build.0 = Master|x64
		{025EFEF2-DD93-4551-AEB4-A8D2201210AE}.Master|x86.ActiveCfg = Master|x86
		{025EFEF2-DD93-4551-AEB4-A8D2201210AE}.Master|x86.Build.0 = Master|x86
		{025EFEF2-DD93-4551-AEB4-A8D2201210AE}.Release|ARM.ActiveCfg = Release|ARM
		{025EFEF2-DD93-4551-AEB4-A8D2201210AE}.Release|ARM.Build.0 = Release|ARM
		{025EFEF2-DD93-4551-AEB4-A8D2201210AE}.Release|x64.ActiveCfg = Release|x64
		{025EFEF2-DD93-4551-AEB4-A8D2201210AE}.Release|x64.Build.0 = Release|x64
		{025EFEF2-DD93-4551-AEB4-A8D2201210AE}.Release|x86.ActiveCfg = Release|x86
		{025EFEF2-DD93-4551-AEB4-A8D2201210AE}.Release|x86.Build.0 = Release|x86
	EndGlobalSection
	GlobalSection(SolutionProperties) = preSolution
		HideSolutionNode = FALSE
	EndGlobalSection
	GlobalSection(ExtensibilityGlobals) = postSolution
		SolutionGuid = {0535BAFD-0A6B-4D0F-B39D-DC78FEC6EBBC}
	EndGlobalSection
EndGlobal
